
Microsoft Visual Studio Solution File, Format Version 12.00
# Visual Studio 14
VisualStudioVersion = 14.0.25123.0
MinimumVisualStudioVersion = 10.0.40219.1
Project("{2150E333-8FDC-42A3-9474-1A3956D46DE8}") = "SV.Common", "SV.Common", "{2203EB57-13D4-42C0-94F6-FCFD819D118A}"
EndProject
Project("{2150E333-8FDC-42A3-9474-1A3956D46DE8}") = "SV.Domain", "SV.Domain", "{08B6AAB2-FA7C-4B3E-8F54-2F2661C9D2CB}"
EndProject
Project("{2150E333-8FDC-42A3-9474-1A3956D46DE8}") = "SV.Infrastructure", "SV.Infrastructure", "{4F3AF30F-0B2E-482A-A1BF-5A0E248D9940}"
EndProject
Project("{2150E333-8FDC-42A3-9474-1A3956D46DE8}") = "SV.Services", "SV.Services", "{1C34609D-F754-430C-B561-6B66B26AEAB7}"
EndProject
Project("{2150E333-8FDC-42A3-9474-1A3956D46DE8}") = "SV.WebUI", "SV.WebUI", "{B4F4AF52-0638-45D1-B571-5AEDE5ADD8C6}"
EndProject
Project("{2150E333-8FDC-42A3-9474-1A3956D46DE8}") = "SV.Tests", "SV.Tests", "{C598E444-569C-4C7D-A95B-503963F5A2E0}"
EndProject
Project("{FAE04EC0-301F-11D3-BF4B-00C04F79EFBC}") = "UnitTests", "SV.Tests\UnitTests\UnitTests.csproj", "{97924E2D-6576-490A-8E23-8AE861B4A559}"
EndProject
Project("{FAE04EC0-301F-11D3-BF4B-00C04F79EFBC}") = "DataModel", "SV.Domain\DataModel\DataModel.csproj", "{15B3351F-8F54-44BB-936E-2FAAB1BA88A2}"
EndProject
Project("{FAE04EC0-301F-11D3-BF4B-00C04F79EFBC}") = "DependencyResolver", "SV.Common\DependencyResolver\DependencyResolver.csproj", "{FE2F9C04-DDAE-4BE3-A3EF-DE22D30B2A04}"
EndProject
Project("{FAE04EC0-301F-11D3-BF4B-00C04F79EFBC}") = "Infrastructure", "SV.Infrastructure\Infrastructure\Infrastructure.csproj", "{F34AC1AD-7CC2-4B32-9587-DCBE867B0E56}"
EndProject
Project("{FAE04EC0-301F-11D3-BF4B-00C04F79EFBC}") = "Logging", "SV.Common\Logging\Logging.csproj", "{C32D3E93-A919-4DE9-B66C-E1222DB5EF53}"
EndProject
Project("{FAE04EC0-301F-11D3-BF4B-00C04F79EFBC}") = "BusinessEntities", "SV.Infrastructure\BusinessEntities\BusinessEntities.csproj", "{F6C8CD96-A30B-43EE-9E95-8F6CFBDFEE97}"
EndProject
Project("{FAE04EC0-301F-11D3-BF4B-00C04F79EFBC}") = "WebAPI", "SV.WebUI\WebAPI\WebAPI.csproj", "{A9E7F8DD-7812-4FB4-8C1F-476A1874C994}"
EndProject
Project("{2150E333-8FDC-42A3-9474-1A3956D46DE8}") = "SV.Database", "SV.Database", "{9D3EF112-37AE-4E60-96F7-097ACA64A9B6}"
EndProject
Project("{00D1A9C2-B5F0-4AF3-8072-F6C62B433612}") = "Database", "Database\Database.sqlproj", "{AFF22242-9C12-444D-ACBC-DB97F03766FC}"
EndProject
Global
	GlobalSection(SolutionConfigurationPlatforms) = preSolution
		Debug|Any CPU = Debug|Any CPU
		Release|Any CPU = Release|Any CPU
	EndGlobalSection
	GlobalSection(ProjectConfigurationPlatforms) = postSolution
		{97924E2D-6576-490A-8E23-8AE861B4A559}.Debug|Any CPU.ActiveCfg = Debug|Any CPU
		{97924E2D-6576-490A-8E23-8AE861B4A559}.Debug|Any CPU.Build.0 = Debug|Any CPU
		{97924E2D-6576-490A-8E23-8AE861B4A559}.Release|Any CPU.ActiveCfg = Release|Any CPU
		{97924E2D-6576-490A-8E23-8AE861B4A559}.Release|Any CPU.Build.0 = Release|Any CPU
		{15B3351F-8F54-44BB-936E-2FAAB1BA88A2}.Debug|Any CPU.ActiveCfg = Debug|Any CPU
		{15B3351F-8F54-44BB-936E-2FAAB1BA88A2}.Debug|Any CPU.Build.0 = Debug|Any CPU
		{15B3351F-8F54-44BB-936E-2FAAB1BA88A2}.Release|Any CPU.ActiveCfg = Release|Any CPU
		{15B3351F-8F54-44BB-936E-2FAAB1BA88A2}.Release|Any CPU.Build.0 = Release|Any CPU
		{FE2F9C04-DDAE-4BE3-A3EF-DE22D30B2A04}.Debug|Any CPU.ActiveCfg = Debug|Any CPU
		{FE2F9C04-DDAE-4BE3-A3EF-DE22D30B2A04}.Debug|Any CPU.Build.0 = Debug|Any CPU
		{FE2F9C04-DDAE-4BE3-A3EF-DE22D30B2A04}.Release|Any CPU.ActiveCfg = Release|Any CPU
		{FE2F9C04-DDAE-4BE3-A3EF-DE22D30B2A04}.Release|Any CPU.Build.0 = Release|Any CPU
		{F34AC1AD-7CC2-4B32-9587-DCBE867B0E56}.Debug|Any CPU.ActiveCfg = Debug|Any CPU
		{F34AC1AD-7CC2-4B32-9587-DCBE867B0E56}.Debug|Any CPU.Build.0 = Debug|Any CPU
		{F34AC1AD-7CC2-4B32-9587-DCBE867B0E56}.Release|Any CPU.ActiveCfg = Release|Any CPU
		{F34AC1AD-7CC2-4B32-9587-DCBE867B0E56}.Release|Any CPU.Build.0 = Release|Any CPU
		{C32D3E93-A919-4DE9-B66C-E1222DB5EF53}.Debug|Any CPU.ActiveCfg = Debug|Any CPU
		{C32D3E93-A919-4DE9-B66C-E1222DB5EF53}.Debug|Any CPU.Build.0 = Debug|Any CPU
		{C32D3E93-A919-4DE9-B66C-E1222DB5EF53}.Release|Any CPU.ActiveCfg = Release|Any CPU
		{C32D3E93-A919-4DE9-B66C-E1222DB5EF53}.Release|Any CPU.Build.0 = Release|Any CPU
		{F6C8CD96-A30B-43EE-9E95-8F6CFBDFEE97}.Debug|Any CPU.ActiveCfg = Debug|Any CPU
		{F6C8CD96-A30B-43EE-9E95-8F6CFBDFEE97}.Debug|Any CPU.Build.0 = Debug|Any CPU
		{F6C8CD96-A30B-43EE-9E95-8F6CFBDFEE97}.Release|Any CPU.ActiveCfg = Release|Any CPU
		{F6C8CD96-A30B-43EE-9E95-8F6CFBDFEE97}.Release|Any CPU.Build.0 = Release|Any CPU
		{A9E7F8DD-7812-4FB4-8C1F-476A1874C994}.Debug|Any CPU.ActiveCfg = Debug|Any CPU
		{A9E7F8DD-7812-4FB4-8C1F-476A1874C994}.Debug|Any CPU.Build.0 = Debug|Any CPU
		{A9E7F8DD-7812-4FB4-8C1F-476A1874C994}.Release|Any CPU.ActiveCfg = Release|Any CPU
		{A9E7F8DD-7812-4FB4-8C1F-476A1874C994}.Release|Any CPU.Build.0 = Release|Any CPU
		{AFF22242-9C12-444D-ACBC-DB97F03766FC}.Debug|Any CPU.ActiveCfg = Debug|Any CPU
		{AFF22242-9C12-444D-ACBC-DB97F03766FC}.Debug|Any CPU.Build.0 = Debug|Any CPU
		{AFF22242-9C12-444D-ACBC-DB97F03766FC}.Debug|Any CPU.Deploy.0 = Debug|Any CPU
		{AFF22242-9C12-444D-ACBC-DB97F03766FC}.Release|Any CPU.ActiveCfg = Release|Any CPU
		{AFF22242-9C12-444D-ACBC-DB97F03766FC}.Release|Any CPU.Build.0 = Release|Any CPU
		{AFF22242-9C12-444D-ACBC-DB97F03766FC}.Release|Any CPU.Deploy.0 = Release|Any CPU
	EndGlobalSection
	GlobalSection(SolutionProperties) = preSolution
		HideSolutionNode = FALSE
	EndGlobalSection
	GlobalSection(NestedProjects) = preSolution
		{97924E2D-6576-490A-8E23-8AE861B4A559} = {C598E444-569C-4C7D-A95B-503963F5A2E0}
		{15B3351F-8F54-44BB-936E-2FAAB1BA88A2} = {08B6AAB2-FA7C-4B3E-8F54-2F2661C9D2CB}
		{FE2F9C04-DDAE-4BE3-A3EF-DE22D30B2A04} = {2203EB57-13D4-42C0-94F6-FCFD819D118A}
		{F34AC1AD-7CC2-4B32-9587-DCBE867B0E56} = {4F3AF30F-0B2E-482A-A1BF-5A0E248D9940}
		{C32D3E93-A919-4DE9-B66C-E1222DB5EF53} = {2203EB57-13D4-42C0-94F6-FCFD819D118A}
		{F6C8CD96-A30B-43EE-9E95-8F6CFBDFEE97} = {4F3AF30F-0B2E-482A-A1BF-5A0E248D9940}
		{A9E7F8DD-7812-4FB4-8C1F-476A1874C994} = {B4F4AF52-0638-45D1-B571-5AEDE5ADD8C6}
		{AFF22242-9C12-444D-ACBC-DB97F03766FC} = {9D3EF112-37AE-4E60-96F7-097ACA64A9B6}
	EndGlobalSection
EndGlobal
